
Microsoft Visual Studio Solution File, Format Version 12.00
# Visual Studio 15
VisualStudioVersion = 15.0.27004.2005
MinimumVisualStudioVersion = 10.0.40219.1
Project("{FAE04EC0-301F-11D3-BF4B-00C04F79EFBC}") = "CoreSelfHost", "CoreSelfHost\CoreSelfHost.csproj", "{AC278480-FDCE-4581-8ABB-4A5911A8BD1B}"
EndProject
Global
	GlobalSection(SolutionConfigurationPlatforms) = preSolution
		Debug|Any CPU = Debug|Any CPU
		Release|Any CPU = Release|Any CPU
	EndGlobalSection
	GlobalSection(ProjectConfigurationPlatforms) = postSolution
		{AC278480-FDCE-4581-8ABB-4A5911A8BD1B}.Debug|Any CPU.ActiveCfg = Debug|Any CPU
		{AC278480-FDCE-4581-8ABB-4A5911A8BD1B}.Debug|Any CPU.Build.0 = Debug|Any CPU
		{AC278480-FDCE-4581-8ABB-4A5911A8BD1B}.Release|Any CPU.ActiveCfg = Release|Any CPU
		{AC278480-FDCE-4581-8ABB-4A5911A8BD1B}.Release|Any CPU.Build.0 = Release|Any CPU
	EndGlobalSection
	GlobalSection(SolutionProperties) = preSolution
		HideSolutionNode = FALSE
	EndGlobalSection
	GlobalSection(ExtensibilityGlobals) = postSolution
		SolutionGuid = {FB299736-3DC3-441D-8BAC-973285462F40}
	EndGlobalSection
EndGlobal
